
Microsoft Visual Studio Solution File, Format Version 12.00
# Visual Studio Version 16
VisualStudioVersion = 16.0.32630.194
MinimumVisualStudioVersion = 10.0.40219.1
Project("{FAE04EC0-301F-11D3-BF4B-00C04F79EFBC}") = "01. Advertisement Message", "01. Advertisement Message\01. Advertisement Message.csproj", "{3DBEEAB5-D270-4CA3-AABF-EFB124700856}"
EndProject
Project("{FAE04EC0-301F-11D3-BF4B-00C04F79EFBC}") = "02. Articles", "02. Articles\02. Articles.csproj", "{D89A3A8F-1308-4F00-B5A3-FC373FAE7581}"
EndProject
Project("{FAE04EC0-301F-11D3-BF4B-00C04F79EFBC}") = "03. Articles 2.0", "03. Articles 2.0\03. Articles 2.0.csproj", "{19F51104-86F2-465E-9E86-1102661F4FCE}"
EndProject
Project("{FAE04EC0-301F-11D3-BF4B-00C04F79EFBC}") = "04. Students", "04. Students\04. Students.csproj", "{4782C8CB-3208-434A-8701-2DC550503476}"
EndProject
Project("{FAE04EC0-301F-11D3-BF4B-00C04F79EFBC}") = "05. Teamwork Projects", "05. Teamwork Projects\05. Teamwork Projects.csproj", "{6CE3975F-3254-4B9D-B5B5-733A900F674D}"
EndProject
Global
	GlobalSection(SolutionConfigurationPlatforms) = preSolution
		Debug|Any CPU = Debug|Any CPU
		Release|Any CPU = Release|Any CPU
	EndGlobalSection
	GlobalSection(ProjectConfigurationPlatforms) = postSolution
		{3DBEEAB5-D270-4CA3-AABF-EFB124700856}.Debug|Any CPU.ActiveCfg = Debug|Any CPU
		{3DBEEAB5-D270-4CA3-AABF-EFB124700856}.Debug|Any CPU.Build.0 = Debug|Any CPU
		{3DBEEAB5-D270-4CA3-AABF-EFB124700856}.Release|Any CPU.ActiveCfg = Release|Any CPU
		{3DBEEAB5-D270-4CA3-AABF-EFB124700856}.Release|Any CPU.Build.0 = Release|Any CPU
		{D89A3A8F-1308-4F00-B5A3-FC373FAE7581}.Debug|Any CPU.ActiveCfg = Debug|Any CPU
		{D89A3A8F-1308-4F00-B5A3-FC373FAE7581}.Debug|Any CPU.Build.0 = Debug|Any CPU
		{D89A3A8F-1308-4F00-B5A3-FC373FAE7581}.Release|Any CPU.ActiveCfg = Release|Any CPU
		{D89A3A8F-1308-4F00-B5A3-FC373FAE7581}.Release|Any CPU.Build.0 = Release|Any CPU
		{19F51104-86F2-465E-9E86-1102661F4FCE}.Debug|Any CPU.ActiveCfg = Debug|Any CPU
		{19F51104-86F2-465E-9E86-1102661F4FCE}.Debug|Any CPU.Build.0 = Debug|Any CPU
		{19F51104-86F2-465E-9E86-1102661F4FCE}.Release|Any CPU.ActiveCfg = Release|Any CPU
		{19F51104-86F2-465E-9E86-1102661F4FCE}.Release|Any CPU.Build.0 = Release|Any CPU
		{4782C8CB-3208-434A-8701-2DC550503476}.Debug|Any CPU.ActiveCfg = Debug|Any CPU
		{4782C8CB-3208-434A-8701-2DC550503476}.Debug|Any CPU.Build.0 = Debug|Any CPU
		{4782C8CB-3208-434A-8701-2DC550503476}.Release|Any CPU.ActiveCfg = Release|Any CPU
		{4782C8CB-3208-434A-8701-2DC550503476}.Release|Any CPU.Build.0 = Release|Any CPU
		{6CE3975F-3254-4B9D-B5B5-733A900F674D}.Debug|Any CPU.ActiveCfg = Debug|Any CPU
		{6CE3975F-3254-4B9D-B5B5-733A900F674D}.Debug|Any CPU.Build.0 = Debug|Any CPU
		{6CE3975F-3254-4B9D-B5B5-733A900F674D}.Release|Any CPU.ActiveCfg = Release|Any CPU
		{6CE3975F-3254-4B9D-B5B5-733A900F674D}.Release|Any CPU.Build.0 = Release|Any CPU
	EndGlobalSection
	GlobalSection(SolutionProperties) = preSolution
		HideSolutionNode = FALSE
	EndGlobalSection
	GlobalSection(ExtensibilityGlobals) = postSolution
		SolutionGuid = {FA06B5D4-DB38-4842-8BCE-E7D7425E7C94}
	EndGlobalSection
EndGlobal
