
Microsoft Visual Studio Solution File, Format Version 12.00
# Visual Studio Version 16
VisualStudioVersion = 16.0.32630.194
MinimumVisualStudioVersion = 10.0.40219.1
Project("{FAE04EC0-301F-11D3-BF4B-00C04F79EFBC}") = "01. Count Real Numbers", "01. Count Real Numbers\01. Count Real Numbers.csproj", "{F8968384-985B-4075-A1C5-506B1A68FFAC}"
EndProject
Project("{FAE04EC0-301F-11D3-BF4B-00C04F79EFBC}") = "02. Odd Occurrences", "02. Odd Occurrences\02. Odd Occurrences.csproj", "{C0B1F6F6-8458-4125-A919-72D11143CFB2}"
EndProject
Project("{FAE04EC0-301F-11D3-BF4B-00C04F79EFBC}") = "03. Word Synonyms", "03. Word Synonyms\03. Word Synonyms.csproj", "{E65D75AB-5EF1-45DF-8982-03FE3E7317DC}"
EndProject
Project("{FAE04EC0-301F-11D3-BF4B-00C04F79EFBC}") = "04. Word Filter", "04. Word Filter\04. Word Filter.csproj", "{FB17C1DA-E0FA-4E8E-8B47-9A9E9C3B01D1}"
EndProject
Global
	GlobalSection(SolutionConfigurationPlatforms) = preSolution
		Debug|Any CPU = Debug|Any CPU
		Release|Any CPU = Release|Any CPU
	EndGlobalSection
	GlobalSection(ProjectConfigurationPlatforms) = postSolution
		{F8968384-985B-4075-A1C5-506B1A68FFAC}.Debug|Any CPU.ActiveCfg = Debug|Any CPU
		{F8968384-985B-4075-A1C5-506B1A68FFAC}.Debug|Any CPU.Build.0 = Debug|Any CPU
		{F8968384-985B-4075-A1C5-506B1A68FFAC}.Release|Any CPU.ActiveCfg = Release|Any CPU
		{F8968384-985B-4075-A1C5-506B1A68FFAC}.Release|Any CPU.Build.0 = Release|Any CPU
		{C0B1F6F6-8458-4125-A919-72D11143CFB2}.Debug|Any CPU.ActiveCfg = Debug|Any CPU
		{C0B1F6F6-8458-4125-A919-72D11143CFB2}.Debug|Any CPU.Build.0 = Debug|Any CPU
		{C0B1F6F6-8458-4125-A919-72D11143CFB2}.Release|Any CPU.ActiveCfg = Release|Any CPU
		{C0B1F6F6-8458-4125-A919-72D11143CFB2}.Release|Any CPU.Build.0 = Release|Any CPU
		{E65D75AB-5EF1-45DF-8982-03FE3E7317DC}.Debug|Any CPU.ActiveCfg = Debug|Any CPU
		{E65D75AB-5EF1-45DF-8982-03FE3E7317DC}.Debug|Any CPU.Build.0 = Debug|Any CPU
		{E65D75AB-5EF1-45DF-8982-03FE3E7317DC}.Release|Any CPU.ActiveCfg = Release|Any CPU
		{E65D75AB-5EF1-45DF-8982-03FE3E7317DC}.Release|Any CPU.Build.0 = Release|Any CPU
		{FB17C1DA-E0FA-4E8E-8B47-9A9E9C3B01D1}.Debug|Any CPU.ActiveCfg = Debug|Any CPU
		{FB17C1DA-E0FA-4E8E-8B47-9A9E9C3B01D1}.Debug|Any CPU.Build.0 = Debug|Any CPU
		{FB17C1DA-E0FA-4E8E-8B47-9A9E9C3B01D1}.Release|Any CPU.ActiveCfg = Release|Any CPU
		{FB17C1DA-E0FA-4E8E-8B47-9A9E9C3B01D1}.Release|Any CPU.Build.0 = Release|Any CPU
	EndGlobalSection
	GlobalSection(SolutionProperties) = preSolution
		HideSolutionNode = FALSE
	EndGlobalSection
	GlobalSection(ExtensibilityGlobals) = postSolution
		SolutionGuid = {B7586461-D808-41C9-B2E3-069DF734C628}
	EndGlobalSection
EndGlobal
