
Microsoft Visual Studio Solution File, Format Version 12.00
# Visual Studio Version 16
VisualStudioVersion = 16.0.32630.194
MinimumVisualStudioVersion = 10.0.40219.1
Project("{9A19103F-16F7-4668-BE54-9A1E7A4F7556}") = "1. Student Information", "1. Student Information\1. Student Information.csproj", "{3BFEB561-437B-47BE-BC25-464AD55AF61F}"
EndProject
Project("{9A19103F-16F7-4668-BE54-9A1E7A4F7556}") = "2. Passed", "2. Passed\2. Passed.csproj", "{70242312-CCFC-428D-A2E6-B1F81E5F66E5}"
EndProject
Project("{9A19103F-16F7-4668-BE54-9A1E7A4F7556}") = "3. Passed or Failed", "3. Passed or Failed\3. Passed or Failed.csproj", "{C7AB50D4-2729-4C8C-9EF0-FC4415EE9319}"
EndProject
Project("{9A19103F-16F7-4668-BE54-9A1E7A4F7556}") = "4. Back In 30 Minutes", "4. Back In 30 Minutes\4. Back In 30 Minutes.csproj", "{7AA498E1-AFE5-43E9-9CD4-1CC78E38A8BA}"
EndProject
Project("{9A19103F-16F7-4668-BE54-9A1E7A4F7556}") = "5. Month Printer", "5. Month Printer\5. Month Printer.csproj", "{ED584AFE-B31E-4A63-83F6-BBB19FAEA6C5}"
EndProject
Project("{9A19103F-16F7-4668-BE54-9A1E7A4F7556}") = "6. Foreign Languages", "6. Foreign Languages\6. Foreign Languages.csproj", "{8FA2880E-294E-489B-BB02-6314D18BED6C}"
EndProject
Project("{9A19103F-16F7-4668-BE54-9A1E7A4F7556}") = "7. Theatre Promotion", "7. Theatre Promotion\7. Theatre Promotion.csproj", "{3A646F09-9826-4FBE-BED8-81C2C71263F2}"
EndProject
Project("{9A19103F-16F7-4668-BE54-9A1E7A4F7556}") = "8. Divisible by 3", "8. Divisible by 3\8. Divisible by 3.csproj", "{E71EFE11-5AE7-4341-8B12-D77FF7029598}"
EndProject
Project("{9A19103F-16F7-4668-BE54-9A1E7A4F7556}") = "9. Sum of Odd Numbers", "9. Sum of Odd Numbers\9. Sum of Odd Numbers.csproj", "{A0CB61E1-C800-4F39-8BDF-B2982B961A47}"
EndProject
Project("{FAE04EC0-301F-11D3-BF4B-00C04F79EFBC}") = "10. Multiplication Table", "10. Multiplication Table\10. Multiplication Table.csproj", "{D5A87D94-A845-4A25-BCB0-5299BC242EA9}"
EndProject
Project("{FAE04EC0-301F-11D3-BF4B-00C04F79EFBC}") = "11. Multiplication Table 2.0", "11. Multiplication Table 2.0\11. Multiplication Table 2.0.csproj", "{4D4C8F92-211C-49E5-9DFB-EA523DD20159}"
EndProject
Project("{FAE04EC0-301F-11D3-BF4B-00C04F79EFBC}") = "12. Even Number", "12. Even Number\12. Even Number.csproj", "{8D7FBDF4-0F1A-4C31-8BA2-5244C5CB5980}"
EndProject
Global
	GlobalSection(SolutionConfigurationPlatforms) = preSolution
		Debug|Any CPU = Debug|Any CPU
		Release|Any CPU = Release|Any CPU
	EndGlobalSection
	GlobalSection(ProjectConfigurationPlatforms) = postSolution
		{3BFEB561-437B-47BE-BC25-464AD55AF61F}.Debug|Any CPU.ActiveCfg = Debug|Any CPU
		{3BFEB561-437B-47BE-BC25-464AD55AF61F}.Debug|Any CPU.Build.0 = Debug|Any CPU
		{3BFEB561-437B-47BE-BC25-464AD55AF61F}.Release|Any CPU.ActiveCfg = Release|Any CPU
		{3BFEB561-437B-47BE-BC25-464AD55AF61F}.Release|Any CPU.Build.0 = Release|Any CPU
		{70242312-CCFC-428D-A2E6-B1F81E5F66E5}.Debug|Any CPU.ActiveCfg = Debug|Any CPU
		{70242312-CCFC-428D-A2E6-B1F81E5F66E5}.Debug|Any CPU.Build.0 = Debug|Any CPU
		{70242312-CCFC-428D-A2E6-B1F81E5F66E5}.Release|Any CPU.ActiveCfg = Release|Any CPU
		{70242312-CCFC-428D-A2E6-B1F81E5F66E5}.Release|Any CPU.Build.0 = Release|Any CPU
		{C7AB50D4-2729-4C8C-9EF0-FC4415EE9319}.Debug|Any CPU.ActiveCfg = Debug|Any CPU
		{C7AB50D4-2729-4C8C-9EF0-FC4415EE9319}.Debug|Any CPU.Build.0 = Debug|Any CPU
		{C7AB50D4-2729-4C8C-9EF0-FC4415EE9319}.Release|Any CPU.ActiveCfg = Release|Any CPU
		{C7AB50D4-2729-4C8C-9EF0-FC4415EE9319}.Release|Any CPU.Build.0 = Release|Any CPU
		{7AA498E1-AFE5-43E9-9CD4-1CC78E38A8BA}.Debug|Any CPU.ActiveCfg = Debug|Any CPU
		{7AA498E1-AFE5-43E9-9CD4-1CC78E38A8BA}.Debug|Any CPU.Build.0 = Debug|Any CPU
		{7AA498E1-AFE5-43E9-9CD4-1CC78E38A8BA}.Release|Any CPU.ActiveCfg = Release|Any CPU
		{7AA498E1-AFE5-43E9-9CD4-1CC78E38A8BA}.Release|Any CPU.Build.0 = Release|Any CPU
		{ED584AFE-B31E-4A63-83F6-BBB19FAEA6C5}.Debug|Any CPU.ActiveCfg = Debug|Any CPU
		{ED584AFE-B31E-4A63-83F6-BBB19FAEA6C5}.Debug|Any CPU.Build.0 = Debug|Any CPU
		{ED584AFE-B31E-4A63-83F6-BBB19FAEA6C5}.Release|Any CPU.ActiveCfg = Release|Any CPU
		{ED584AFE-B31E-4A63-83F6-BBB19FAEA6C5}.Release|Any CPU.Build.0 = Release|Any CPU
		{8FA2880E-294E-489B-BB02-6314D18BED6C}.Debug|Any CPU.ActiveCfg = Debug|Any CPU
		{8FA2880E-294E-489B-BB02-6314D18BED6C}.Debug|Any CPU.Build.0 = Debug|Any CPU
		{8FA2880E-294E-489B-BB02-6314D18BED6C}.Release|Any CPU.ActiveCfg = Release|Any CPU
		{8FA2880E-294E-489B-BB02-6314D18BED6C}.Release|Any CPU.Build.0 = Release|Any CPU
		{3A646F09-9826-4FBE-BED8-81C2C71263F2}.Debug|Any CPU.ActiveCfg = Debug|Any CPU
		{3A646F09-9826-4FBE-BED8-81C2C71263F2}.Debug|Any CPU.Build.0 = Debug|Any CPU
		{3A646F09-9826-4FBE-BED8-81C2C71263F2}.Release|Any CPU.ActiveCfg = Release|Any CPU
		{3A646F09-9826-4FBE-BED8-81C2C71263F2}.Release|Any CPU.Build.0 = Release|Any CPU
		{E71EFE11-5AE7-4341-8B12-D77FF7029598}.Debug|Any CPU.ActiveCfg = Debug|Any CPU
		{E71EFE11-5AE7-4341-8B12-D77FF7029598}.Debug|Any CPU.Build.0 = Debug|Any CPU
		{E71EFE11-5AE7-4341-8B12-D77FF7029598}.Release|Any CPU.ActiveCfg = Release|Any CPU
		{E71EFE11-5AE7-4341-8B12-D77FF7029598}.Release|Any CPU.Build.0 = Release|Any CPU
		{A0CB61E1-C800-4F39-8BDF-B2982B961A47}.Debug|Any CPU.ActiveCfg = Debug|Any CPU
		{A0CB61E1-C800-4F39-8BDF-B2982B961A47}.Debug|Any CPU.Build.0 = Debug|Any CPU
		{A0CB61E1-C800-4F39-8BDF-B2982B961A47}.Release|Any CPU.ActiveCfg = Release|Any CPU
		{A0CB61E1-C800-4F39-8BDF-B2982B961A47}.Release|Any CPU.Build.0 = Release|Any CPU
		{D5A87D94-A845-4A25-BCB0-5299BC242EA9}.Debug|Any CPU.ActiveCfg = Debug|Any CPU
		{D5A87D94-A845-4A25-BCB0-5299BC242EA9}.Debug|Any CPU.Build.0 = Debug|Any CPU
		{D5A87D94-A845-4A25-BCB0-5299BC242EA9}.Release|Any CPU.ActiveCfg = Release|Any CPU
		{D5A87D94-A845-4A25-BCB0-5299BC242EA9}.Release|Any CPU.Build.0 = Release|Any CPU
		{4D4C8F92-211C-49E5-9DFB-EA523DD20159}.Debug|Any CPU.ActiveCfg = Debug|Any CPU
		{4D4C8F92-211C-49E5-9DFB-EA523DD20159}.Debug|Any CPU.Build.0 = Debug|Any CPU
		{4D4C8F92-211C-49E5-9DFB-EA523DD20159}.Release|Any CPU.ActiveCfg = Release|Any CPU
		{4D4C8F92-211C-49E5-9DFB-EA523DD20159}.Release|Any CPU.Build.0 = Release|Any CPU
		{8D7FBDF4-0F1A-4C31-8BA2-5244C5CB5980}.Debug|Any CPU.ActiveCfg = Debug|Any CPU
		{8D7FBDF4-0F1A-4C31-8BA2-5244C5CB5980}.Debug|Any CPU.Build.0 = Debug|Any CPU
		{8D7FBDF4-0F1A-4C31-8BA2-5244C5CB5980}.Release|Any CPU.ActiveCfg = Release|Any CPU
		{8D7FBDF4-0F1A-4C31-8BA2-5244C5CB5980}.Release|Any CPU.Build.0 = Release|Any CPU
	EndGlobalSection
	GlobalSection(SolutionProperties) = preSolution
		HideSolutionNode = FALSE
	EndGlobalSection
	GlobalSection(ExtensibilityGlobals) = postSolution
		SolutionGuid = {11BFF875-0A0E-4A67-B10B-4AFC2EE876C2}
	EndGlobalSection
EndGlobal
